lockVersion: 2.0.0
id: c781682f-77ca-4163-ac2c-07886fbd89fc
management:
  docChecksum: fe073bc69201c6a4f1e96147cc660ee6
  docVersion: 0.0.1
  speakeasyVersion: internal
  generationVersion: 2.262.2
  releaseVersion: 0.1.7
  configChecksum: 1a7860e2e9e6bbeb43f31deb790f1bd9
  repoURL: https://github.com/PAZy-db/pyPazy.git
  repoSubDirectory: .
  installationURL: https://github.com/PAZy-db/pyPazy.git
features:
  python:
    core: 4.4.6
    flattening: 2.81.1
    globalSecurity: 2.83.2
    globalServerURLs: 2.82.1
    inputOutputModels: 2.83.1
generatedFiles:
  - src/pazy/sdkconfiguration.py
  - src/pazy/datasets.py
  - src/pazy/literature.py
  - src/pazy/organisms.py
  - src/pazy/proteins.py
  - src/pazy/substrates.py
  - src/pazy/sdk.py
  - pylintrc
  - setup.py
  - src/pazy/__init__.py
  - src/pazy/utils/__init__.py
  - src/pazy/utils/retries.py
  - src/pazy/utils/utils.py
  - src/pazy/models/errors/sdkerror.py
  - tests/helpers.py
  - src/pazy/models/operations/getdatasets.py
  - src/pazy/models/operations/adddataset.py
  - src/pazy/models/operations/getdatasetbyid.py
  - src/pazy/models/operations/updatedataset.py
  - src/pazy/models/operations/partialupdatedataset.py
  - src/pazy/models/operations/deletedataset.py
  - src/pazy/models/operations/getliteratures.py
  - src/pazy/models/operations/addliterature.py
  - src/pazy/models/operations/getliteraturebyid.py
  - src/pazy/models/operations/updateliterature.py
  - src/pazy/models/operations/partialupdateliterature.py
  - src/pazy/models/operations/deleteliterature.py
  - src/pazy/models/operations/getorganisms.py
  - src/pazy/models/operations/addorganism.py
  - src/pazy/models/operations/getorganismbyid.py
  - src/pazy/models/operations/updateorganism.py
  - src/pazy/models/operations/partialupdateorganism.py
  - src/pazy/models/operations/deleteorganism.py
  - src/pazy/models/operations/getproteinsequences.py
  - src/pazy/models/operations/addproteinsequence.py
  - src/pazy/models/operations/getproteinsequencebyid.py
  - src/pazy/models/operations/updateproteinsequence.py
  - src/pazy/models/operations/partialupdateproteinsequence.py
  - src/pazy/models/operations/deleteproteinsequence.py
  - src/pazy/models/operations/getsubstrates.py
  - src/pazy/models/operations/addsubstrate.py
  - src/pazy/models/operations/getsubstratebyid.py
  - src/pazy/models/operations/updatesubstrate.py
  - src/pazy/models/operations/partialupdatesubstrate.py
  - src/pazy/models/operations/deletesubstrate.py
  - src/pazy/models/components/dataset.py
  - src/pazy/models/components/proteinsequence.py
  - src/pazy/models/components/literature.py
  - src/pazy/models/components/substrate.py
  - src/pazy/models/components/organism.py
  - src/pazy/models/components/dataset_input.py
  - src/pazy/models/components/proteinsequence_input.py
  - src/pazy/models/components/literature_input.py
  - src/pazy/models/components/substrate_input.py
  - src/pazy/models/components/organism_input.py
  - src/pazy/models/components/patcheddataset.py
  - src/pazy/models/components/patchedliterature.py
  - src/pazy/models/components/patchedorganism.py
  - src/pazy/models/components/patchedproteinsequence.py
  - src/pazy/models/components/patchedsubstrate.py
  - src/pazy/models/components/security.py
  - src/pazy/models/__init__.py
  - src/pazy/models/errors/__init__.py
  - src/pazy/models/operations/__init__.py
  - src/pazy/models/components/__init__.py
  - docs/models/operations/getdatasetsresponse.md
  - docs/models/operations/adddatasetresponse.md
  - docs/models/operations/getdatasetbyidrequest.md
  - docs/models/operations/getdatasetbyidresponse.md
  - docs/models/operations/updatedatasetrequest.md
  - docs/models/operations/updatedatasetresponse.md
  - docs/models/operations/partialupdatedatasetrequest.md
  - docs/models/operations/partialupdatedatasetresponse.md
  - docs/models/operations/deletedatasetrequest.md
  - docs/models/operations/deletedatasetresponse.md
  - docs/models/operations/getliteraturesresponse.md
  - docs/models/operations/addliteratureresponse.md
  - docs/models/operations/getliteraturebyidrequest.md
  - docs/models/operations/getliteraturebyidresponse.md
  - docs/models/operations/updateliteraturerequest.md
  - docs/models/operations/updateliteratureresponse.md
  - docs/models/operations/partialupdateliteraturerequest.md
  - docs/models/operations/partialupdateliteratureresponse.md
  - docs/models/operations/deleteliteraturerequest.md
  - docs/models/operations/deleteliteratureresponse.md
  - docs/models/operations/getorganismsresponse.md
  - docs/models/operations/addorganismresponse.md
  - docs/models/operations/getorganismbyidrequest.md
  - docs/models/operations/getorganismbyidresponse.md
  - docs/models/operations/updateorganismrequest.md
  - docs/models/operations/updateorganismresponse.md
  - docs/models/operations/partialupdateorganismrequest.md
  - docs/models/operations/partialupdateorganismresponse.md
  - docs/models/operations/deleteorganismrequest.md
  - docs/models/operations/deleteorganismresponse.md
  - docs/models/operations/getproteinsequencesresponse.md
  - docs/models/operations/addproteinsequenceresponse.md
  - docs/models/operations/getproteinsequencebyidrequest.md
  - docs/models/operations/getproteinsequencebyidresponse.md
  - docs/models/operations/updateproteinsequencerequest.md
  - docs/models/operations/updateproteinsequenceresponse.md
  - docs/models/operations/partialupdateproteinsequencerequest.md
  - docs/models/operations/partialupdateproteinsequenceresponse.md
  - docs/models/operations/deleteproteinsequencerequest.md
  - docs/models/operations/deleteproteinsequenceresponse.md
  - docs/models/operations/getsubstratesresponse.md
  - docs/models/operations/addsubstrateresponse.md
  - docs/models/operations/getsubstratebyidrequest.md
  - docs/models/operations/getsubstratebyidresponse.md
  - docs/models/operations/updatesubstraterequest.md
  - docs/models/operations/updatesubstrateresponse.md
  - docs/models/operations/partialupdatesubstraterequest.md
  - docs/models/operations/partialupdatesubstrateresponse.md
  - docs/models/operations/deletesubstraterequest.md
  - docs/models/operations/deletesubstrateresponse.md
  - docs/models/components/dataset.md
  - docs/models/components/proteinsequence.md
  - docs/models/components/literature.md
  - docs/models/components/substrate.md
  - docs/models/components/organism.md
  - docs/models/components/datasetinput.md
  - docs/models/components/proteinsequenceinput.md
  - docs/models/components/literatureinput.md
  - docs/models/components/substrateinput.md
  - docs/models/components/organisminput.md
  - docs/models/components/patcheddataset.md
  - docs/models/components/patchedliterature.md
  - docs/models/components/patchedorganism.md
  - docs/models/components/patchedproteinsequence.md
  - docs/models/components/patchedsubstrate.md
  - docs/models/components/security.md
  - docs/sdks/pazy/README.md
  - docs/sdks/datasets/README.md
  - docs/sdks/literature/README.md
  - docs/sdks/organisms/README.md
  - docs/sdks/proteins/README.md
  - docs/sdks/substrates/README.md
  - USAGE.md
  - .gitattributes
