lockVersion: 2.0.0
id: c781682f-77ca-4163-ac2c-07886fbd89fc
management:
  docChecksum: 82524c7c0377efdf7e64546396972994
  docVersion: 0.0.1
  speakeasyVersion: 1.352.2
  generationVersion: 2.385.2
  releaseVersion: 0.2.0
  configChecksum: 30ed2c5a878b32df8bf0bda94b08d070
  repoURL: https://github.com/PAZy-db/pyPazy.git
  repoSubDirectory: .
  installationURL: https://github.com/PAZy-db/pyPazy.git
features:
  python:
    additionalDependencies: 1.0.0
    core: 5.3.3
    defaultEnabledRetries: 0.2.0
    envVarSecurityUsage: 0.3.1
    flattening: 3.0.0
    globalSecurity: 3.0.1
    globalSecurityCallbacks: 1.0.0
    globalServerURLs: 3.0.0
    inputOutputModels: 3.0.0
    nullables: 1.0.0
    responseFormat: 1.0.0
    retries: 3.0.0
    sdkHooks: 1.0.0
generatedFiles:
  - src/pypazy/sdkconfiguration.py
  - src/pypazy/datasets.py
  - src/pypazy/literature.py
  - src/pypazy/organisms.py
  - src/pypazy/proteins.py
  - src/pypazy/substrates.py
  - src/pypazy/sdk.py
  - .vscode/settings.json
  - poetry.toml
  - py.typed
  - pylintrc
  - pyproject.toml
  - scripts/compile.sh
  - scripts/publish.sh
  - src/pypazy/__init__.py
  - src/pypazy/basesdk.py
  - src/pypazy/httpclient.py
  - src/pypazy/py.typed
  - src/pypazy/types/__init__.py
  - src/pypazy/types/basemodel.py
  - src/pypazy/utils/__init__.py
  - src/pypazy/utils/annotations.py
  - src/pypazy/utils/enums.py
  - src/pypazy/utils/eventstreaming.py
  - src/pypazy/utils/forms.py
  - src/pypazy/utils/headers.py
  - src/pypazy/utils/logger.py
  - src/pypazy/utils/metadata.py
  - src/pypazy/utils/queryparams.py
  - src/pypazy/utils/requestbodies.py
  - src/pypazy/utils/retries.py
  - src/pypazy/utils/security.py
  - src/pypazy/utils/serializers.py
  - src/pypazy/utils/url.py
  - src/pypazy/utils/values.py
  - src/pypazy/models/errors/sdkerror.py
  - src/pypazy/models/components/paginateddatasetlist.py
  - src/pypazy/models/components/dataset.py
  - src/pypazy/models/components/proteinsequence.py
  - src/pypazy/models/components/literature.py
  - src/pypazy/models/components/substrate.py
  - src/pypazy/models/components/organism.py
  - src/pypazy/models/components/dataset_input.py
  - src/pypazy/models/components/proteinsequence_input.py
  - src/pypazy/models/components/literature_input.py
  - src/pypazy/models/components/substrate_input.py
  - src/pypazy/models/components/organism_input.py
  - src/pypazy/models/components/patcheddataset.py
  - src/pypazy/models/components/paginatedliteraturelist.py
  - src/pypazy/models/components/patchedliterature.py
  - src/pypazy/models/components/paginatedorganismlist.py
  - src/pypazy/models/components/patchedorganism.py
  - src/pypazy/models/components/paginatedproteinsequencelist.py
  - src/pypazy/models/components/patchedproteinsequence.py
  - src/pypazy/models/components/paginatedsubstratelist.py
  - src/pypazy/models/components/patchedsubstrate.py
  - src/pypazy/models/components/security.py
  - src/pypazy/models/components/__init__.py
  - src/pypazy/models/operations/getdatasets.py
  - src/pypazy/models/operations/getdatasetbyid.py
  - src/pypazy/models/operations/updatedataset.py
  - src/pypazy/models/operations/partialupdatedataset.py
  - src/pypazy/models/operations/deletedataset.py
  - src/pypazy/models/operations/getliteratures.py
  - src/pypazy/models/operations/getliteraturebyid.py
  - src/pypazy/models/operations/updateliterature.py
  - src/pypazy/models/operations/partialupdateliterature.py
  - src/pypazy/models/operations/deleteliterature.py
  - src/pypazy/models/operations/getorganisms.py
  - src/pypazy/models/operations/getorganismbyid.py
  - src/pypazy/models/operations/updateorganism.py
  - src/pypazy/models/operations/partialupdateorganism.py
  - src/pypazy/models/operations/deleteorganism.py
  - src/pypazy/models/operations/getproteinsequences.py
  - src/pypazy/models/operations/getproteinsequencebyid.py
  - src/pypazy/models/operations/updateproteinsequence.py
  - src/pypazy/models/operations/partialupdateproteinsequence.py
  - src/pypazy/models/operations/deleteproteinsequence.py
  - src/pypazy/models/operations/getsubstrates.py
  - src/pypazy/models/operations/getsubstratebyid.py
  - src/pypazy/models/operations/updatesubstrate.py
  - src/pypazy/models/operations/partialupdatesubstrate.py
  - src/pypazy/models/operations/deletesubstrate.py
  - src/pypazy/models/operations/__init__.py
  - src/pypazy/models/errors/__init__.py
  - docs/models/components/paginateddatasetlist.md
  - docs/models/components/dataset.md
  - docs/models/components/proteinsequence.md
  - docs/models/components/literature.md
  - docs/models/components/substrate.md
  - docs/models/components/organism.md
  - docs/models/components/datasetinput.md
  - docs/models/components/proteinsequenceinput.md
  - docs/models/components/literatureinput.md
  - docs/models/components/substrateinput.md
  - docs/models/components/organisminput.md
  - docs/models/components/patcheddataset.md
  - docs/models/components/paginatedliteraturelist.md
  - docs/models/components/patchedliterature.md
  - docs/models/components/paginatedorganismlist.md
  - docs/models/components/patchedorganism.md
  - docs/models/components/paginatedproteinsequencelist.md
  - docs/models/components/patchedproteinsequence.md
  - docs/models/components/paginatedsubstratelist.md
  - docs/models/components/patchedsubstrate.md
  - docs/models/components/security.md
  - docs/models/operations/getdatasetsrequest.md
  - docs/models/operations/getdatasetbyidrequest.md
  - docs/models/operations/updatedatasetrequest.md
  - docs/models/operations/partialupdatedatasetrequest.md
  - docs/models/operations/deletedatasetrequest.md
  - docs/models/operations/getliteraturesrequest.md
  - docs/models/operations/getliteraturebyidrequest.md
  - docs/models/operations/updateliteraturerequest.md
  - docs/models/operations/partialupdateliteraturerequest.md
  - docs/models/operations/deleteliteraturerequest.md
  - docs/models/operations/getorganismsrequest.md
  - docs/models/operations/getorganismbyidrequest.md
  - docs/models/operations/updateorganismrequest.md
  - docs/models/operations/partialupdateorganismrequest.md
  - docs/models/operations/deleteorganismrequest.md
  - docs/models/operations/getproteinsequencesrequest.md
  - docs/models/operations/getproteinsequencebyidrequest.md
  - docs/models/operations/updateproteinsequencerequest.md
  - docs/models/operations/partialupdateproteinsequencerequest.md
  - docs/models/operations/deleteproteinsequencerequest.md
  - docs/models/operations/getsubstratesrequest.md
  - docs/models/operations/getsubstratebyidrequest.md
  - docs/models/operations/updatesubstraterequest.md
  - docs/models/operations/partialupdatesubstraterequest.md
  - docs/models/operations/deletesubstraterequest.md
  - docs/sdks/pazy/README.md
  - docs/models/utils/retryconfig.md
  - docs/sdks/datasets/README.md
  - docs/sdks/literature/README.md
  - docs/sdks/organisms/README.md
  - docs/sdks/proteins/README.md
  - docs/sdks/substrates/README.md
  - USAGE.md
  - .gitattributes
  - src/pypazy/_hooks/sdkhooks.py
  - src/pypazy/_hooks/types.py
  - src/pypazy/_hooks/__init__.py
  - CONTRIBUTING.md
